// !$*UTF8*$!
{
	archiveVersion = 1;
	classes = {
	};
	objectVersion = 77;
	objects = {

/* Begin PBXBuildFile section */
		0285EA79D9ADBD2CFBB05888 /* SDPlan.swift in Sources */ = {isa = PBXBuildFile; fileRef = FC640AA2E9127779FBFE493E /* SDPlan.swift */; };
		0DDEDD1AC6A7790243E2286A /* SDExerciseGroup.swift in Sources */ = {isa = PBXBuildFile; fileRef = CDEEDB494F8D04A2017962EC /* SDExerciseGroup.swift */; };
		10745872E46739FB3F3DD153 /* MyoRepsFlow.swift in Sources */ = {isa = PBXBuildFile; fileRef = EC44691C20AC713C84DAEE46 /* MyoRepsFlow.swift */; };
		12514F64FB335F325015D30C /* IronLogWidgetsBundle.swift in Sources */ = {isa = PBXBuildFile; fileRef = 4B3F532FF66BEC4FC23D3086 /* IronLogWidgetsBundle.swift */; };
		1363FA115D352C1F960BE2A6 /* TemplatePicker.swift in Sources */ = {isa = PBXBuildFile; fileRef = 60001772EF66088099E53247 /* TemplatePicker.swift */; };
		1775F7C86A8F336D7974EFC5 /* PhoneWorkoutHRSource.swift in Sources */ = {isa = PBXBuildFile; fileRef = DB654CC25AFCD719E51B1636 /* PhoneWorkoutHRSource.swift */; };
		22C7AE60E4D1A830C470C5A8 /* SDPrescribedSet.swift in Sources */ = {isa = PBXBuildFile; fileRef = 91F1BA55C15D47CFEF1663B3 /* SDPrescribedSet.swift */; };
		27A60272B28ECE763BCB2D41 /* TechniqueFlowFactory.swift in Sources */ = {isa = PBXBuildFile; fileRef = 744DAE6CAFA21C0C011011FB /* TechniqueFlowFactory.swift */; };
		28694F293F40D39BC15C4116 /* PlanImportService.swift in Sources */ = {isa = PBXBuildFile; fileRef = 3719F8C6CF3CCEDBD02AAA26 /* PlanImportService.swift */; };
		2993D68A39B4B0DACDC9C870 /* WorkoutHistoryView.swift in Sources */ = {isa = PBXBuildFile; fileRef = 43B3CF4C96A4B84A836DF46E /* WorkoutHistoryView.swift */; };
		30F6D20CB419F41C53145862 /* WorkoutSyncService.swift in Sources */ = {isa = PBXBuildFile; fileRef = CBCB62CBF64954BBA88C9E08 /* WorkoutSyncService.swift */; };
		32C3A7DE08E2FFB02E0A2E14 /* SchemaRegistry.swift in Sources */ = {isa = PBXBuildFile; fileRef = 70A347B31B8BDD449846EFE0 /* SchemaRegistry.swift */; };
		352E75B34A5873E46A7D761E /* MultipleSupersetPairsTests.swift in Sources */ = {isa = PBXBuildFile; fileRef = 38A72882AEF4F3B8C10F7CFD /* MultipleSupersetPairsTests.swift */; };
		37165D0E9D225AD94DE6FB6B /* CyclingExpanderTests.swift in Sources */ = {isa = PBXBuildFile; fileRef = 7BFE15482BE5463C2BB4996F /* CyclingExpanderTests.swift */; };
		37CCCE4AD0FE3A98F984ED66 /* WatchHRSource.swift in Sources */ = {isa = PBXBuildFile; fileRef = 1F46E70311C07938FF5503EB /* WatchHRSource.swift */; };
		444997292E51318F86DC13BF /* SDCyclingPlan.swift in Sources */ = {isa = PBXBuildFile; fileRef = 9D344C1479989C7B133CAE76 /* SDCyclingPlan.swift */; };
		4595FF9D6F1AC753DBC5583D /* CyclingNotificationScheduler.swift in Sources */ = {isa = PBXBuildFile; fileRef = E3CBF8BBDCCBF099EC3FBF0B /* CyclingNotificationScheduler.swift */; };
		498928986014E349790D0CAC /* RestTimerActivity.swift in Sources */ = {isa = PBXBuildFile; fileRef = 9C8C919D8CBA86E285BAD7D3 /* RestTimerActivity.swift */; };
		4F8DA92F17B1FC20269004DE /* SDSetLog.swift in Sources */ = {isa = PBXBuildFile; fileRef = 708D0F4C23D8715AF9DB4672 /* SDSetLog.swift */; };
		518E547F080E1E0ED024C23D /* HealthKit.framework in Frameworks */ = {isa = PBXBuildFile; fileRef = F4F8C9D1FD27E0FFECC23CF1 /* HealthKit.framework */; };
		5259E04EE8D7387545301C37 /* Assets.xcassets in Resources */ = {isa = PBXBuildFile; fileRef = 3546CCF1405ECC208820E429 /* Assets.xcassets */; };
		553149C13FA9CAA22B9B0979 /* HealthKitHRSource.swift in Sources */ = {isa = PBXBuildFile; fileRef = CD16CBF0876A6590B803D157 /* HealthKitHRSource.swift */; };
		5583CCA0C1E27B0C78C7A170 /* ActiveWorkoutView.swift in Sources */ = {isa = PBXBuildFile; fileRef = 5B8DF11A238D1DCE99CFE2AF /* ActiveWorkoutView.swift */; };
		55D31451C71BF624E6FEEBBC /* SlideButton.swift in Sources */ = {isa = PBXBuildFile; fileRef = 0D15A951D7737F5ACA57183F /* SlideButton.swift */; };
		5603BBCD4E9B35FC26D73B14 /* SupersetFlow.swift in Sources */ = {isa = PBXBuildFile; fileRef = C2E18CC11E698DA88F124C2A /* SupersetFlow.swift */; };
		56B0A76826F3AF7234BAB66F /* RestTimerActivity.swift in Sources */ = {isa = PBXBuildFile; fileRef = 9C8C919D8CBA86E285BAD7D3 /* RestTimerActivity.swift */; };
		5AF7E9804A9470BDF9CE2316 /* ActiveWorkoutViewModel.swift in Sources */ = {isa = PBXBuildFile; fileRef = 64A32AE65799596C49F76123 /* ActiveWorkoutViewModel.swift */; };
		65436D67A051C3052051F92B /* SettingsView.swift in Sources */ = {isa = PBXBuildFile; fileRef = 244B3A753BA03F21233D6AF0 /* SettingsView.swift */; };
		6FD87EC938E401E6E2B01662 /* SDExerciseLog.swift in Sources */ = {isa = PBXBuildFile; fileRef = AD6F32CFD231D79A3F75DB70 /* SDExerciseLog.swift */; };
		705B336E94DA1A1AF53B8A0C /* SDCyclingTemplate.swift in Sources */ = {isa = PBXBuildFile; fileRef = 12B6B744831A3442CBC93BAB /* SDCyclingTemplate.swift */; };
		746B087515BBF05F7698FA4B /* RestPauseFlow.swift in Sources */ = {isa = PBXBuildFile; fileRef = 71EBFF0127D2BB2A6364411D /* RestPauseFlow.swift */; };
		797C584402CC412156D25B70 /* StraightFlow.swift in Sources */ = {isa = PBXBuildFile; fileRef = BCE7AE6478B45DF6D5D44BA0 /* StraightFlow.swift */; };
		7EA9C393005E627ADFC90C7A /* PlanSelectionKey.swift in Sources */ = {isa = PBXBuildFile; fileRef = B9BADB868C84FB042AA5F456 /* PlanSelectionKey.swift */; };
		80370AA88E81DE119673BB78 /* RestTimerService.swift in Sources */ = {isa = PBXBuildFile; fileRef = 5DCB8E5A58C7B465F4416A89 /* RestTimerService.swift */; };
		839096F5A06C02240AA2B369 /* LiveWorkoutView.swift in Sources */ = {isa = PBXBuildFile; fileRef = 5AAFD2469A44B231ADC47A42 /* LiveWorkoutView.swift */; };
		84890F720260087A8B285504 /* SDWorkout.swift in Sources */ = {isa = PBXBuildFile; fileRef = 46FFF94744538A5FBC26E553 /* SDWorkout.swift */; };
		8B22B015C0D78B7CD1036CB0 /* sample-plan.json in Resources */ = {isa = PBXBuildFile; fileRef = EE47161A61ADA95A2ECA149E /* sample-plan.json */; };
		8D953D8EF45E0AB2B0100D06 /* PlanSyncHelper.swift in Sources */ = {isa = PBXBuildFile; fileRef = 76C67DF310FF91A0AD87D2C8 /* PlanSyncHelper.swift */; };
		9304B997188A8195EB64AE40 /* RestTimerLiveActivity.swift in Sources */ = {isa = PBXBuildFile; fileRef = 16399A713C26691F71D422DB /* RestTimerLiveActivity.swift */; };
		981328CC51381DFD44F92B14 /* CyclingWorkoutView.swift in Sources */ = {isa = PBXBuildFile; fileRef = 1001E6B9D92EB774339D1A7C /* CyclingWorkoutView.swift */; };
		9A19E7F21170E837AB66355D /* IronLogWatchApp.swift in Sources */ = {isa = PBXBuildFile; fileRef = CA23380F3A06F84BB64A2531 /* IronLogWatchApp.swift */; };
		9B180513596FC0403908D4AD /* CyclingLiveActivity.swift in Sources */ = {isa = PBXBuildFile; fileRef = 3DFBBC15ED173A0250399581 /* CyclingLiveActivity.swift */; };
		9BA6C78CB15A6E8B95405AE5 /* SDCyclingSegment.swift in Sources */ = {isa = PBXBuildFile; fileRef = E468F5C52C2A2615D888A40C /* SDCyclingSegment.swift */; };
		9F6F6964D657DB179924A124 /* TechniqueFlow.swift in Sources */ = {isa = PBXBuildFile; fileRef = E16FEF986CB27CA6A77AC2BC /* TechniqueFlow.swift */; };
		9FB4053C61D02EDCCD3EFBC4 /* SDCyclingWorkout.swift in Sources */ = {isa = PBXBuildFile; fileRef = 00C0CCC6A44BA49912F27252 /* SDCyclingWorkout.swift */; };
		A4A07366D7ABDB6568EBB205 /* PlansListView.swift in Sources */ = {isa = PBXBuildFile; fileRef = B37295F5F2868B4F81836919 /* PlansListView.swift */; };
		A8C8A215E298370F43501A2A /* CyclingPlanJSON.swift in Sources */ = {isa = PBXBuildFile; fileRef = DAEE78B75B5E97D9391C6308 /* CyclingPlanJSON.swift */; };
		AA09D5E9DA193BDF2547268E /* ContentView.swift in Sources */ = {isa = PBXBuildFile; fileRef = 4DFB2BDF5ACD13AA4AA122DE /* ContentView.swift */; };
		AECBB84B4BFC57B1AAA028A9 /* IronLogApp.swift in Sources */ = {isa = PBXBuildFile; fileRef = 32F525BCBC44EAA20594F626 /* IronLogApp.swift */; };
		B0C24E2ED1F0493C334DCB8F /* WatchWorkoutManager.swift in Sources */ = {isa = PBXBuildFile; fileRef = BCC5ECAF118D547251427076 /* WatchWorkoutManager.swift */; };
		B176C21961D57E04798A77D5 /* IronLogWidgets.appex in Embed Foundation Extensions */ = {isa = PBXBuildFile; fileRef = FD855B614F3CECE308397152 /* IronLogWidgets.appex */; settings = {ATTRIBUTES = (RemoveHeadersOnCopy, ); }; };
		B3F7104A1ACA09E52BCB1811 /* CyclingActivity.swift in Sources */ = {isa = PBXBuildFile; fileRef = 55A2A16AA4BFDBF6B4689243 /* CyclingActivity.swift */; };
		B867DE8AD0D742492717D318 /* ParsedPlanDispatchTests.swift in Sources */ = {isa = PBXBuildFile; fileRef = F19F41892A320ED66FE4781D /* ParsedPlanDispatchTests.swift */; };
		BA465328EEBE3AE25FBC906A /* HealthKitManager.swift in Sources */ = {isa = PBXBuildFile; fileRef = E2AD8088430468D97CB1574F /* HealthKitManager.swift */; };
		C16EEBF98176A96B200FEDDB /* CyclingWorkoutLogJSON.swift in Sources */ = {isa = PBXBuildFile; fileRef = 97DF69805C15D584C88B71AF /* CyclingWorkoutLogJSON.swift */; };
		C1FAA1D373A8236A51A5A342 /* CrashReporter.swift in Sources */ = {isa = PBXBuildFile; fileRef = 3E79B1751944A6FFC7F15084 /* CrashReporter.swift */; };
		C62C0E034510BC61F807AD4F /* DebugLogView.swift in Sources */ = {isa = PBXBuildFile; fileRef = 4AD5D61D81E40E92BF337E50 /* DebugLogView.swift */; };
		C89F3A35766F74BED16AA3F5 /* WorkoutExportService.swift in Sources */ = {isa = PBXBuildFile; fileRef = 04C06EC367AD2C40E08E6472 /* WorkoutExportService.swift */; };
		CB926849D966873D47718DF6 /* SDExercise.swift in Sources */ = {isa = PBXBuildFile; fileRef = 3F56D1F05F80F876F5B1368B /* SDExercise.swift */; };
		CDFAD074E0B08300C779D833 /* WorkoutPlanJSON.swift in Sources */ = {isa = PBXBuildFile; fileRef = A6FE7055A7F46A37D977A796 /* WorkoutPlanJSON.swift */; };
		CFCB0F23C74AD74E61623471 /* CyclingWorkoutViewModel.swift in Sources */ = {isa = PBXBuildFile; fileRef = EBB5B639796A118483C22E92 /* CyclingWorkoutViewModel.swift */; };
		D3EDC5CC2377183E1310F82A /* HRSource.swift in Sources */ = {isa = PBXBuildFile; fileRef = FF21596C2AB3CE08BD46FBBA /* HRSource.swift */; };
		DC02848CAD5F045C7E4AB756 /* HealthKit.framework in Frameworks */ = {isa = PBXBuildFile; fileRef = F4F8C9D1FD27E0FFECC23CF1 /* HealthKit.framework */; };
		E0541E61C5DFE4EAA917D5D3 /* WorkoutLogJSON.swift in Sources */ = {isa = PBXBuildFile; fileRef = BB4DE5309133F8528CA19610 /* WorkoutLogJSON.swift */; };
		E0D92A79DE5EBF20C7449E76 /* ImportView.swift in Sources */ = {isa = PBXBuildFile; fileRef = 680AF2C78A2A7ED5155CD0BA /* ImportView.swift */; };
		E0E1E196F3679819A67FF59A /* CrashReporterTests.swift in Sources */ = {isa = PBXBuildFile; fileRef = 8A077881E4FD09953161D6AF /* CrashReporterTests.swift */; };
		E1640826D9A876D44B9F44B2 /* SDCyclingSegmentLog.swift in Sources */ = {isa = PBXBuildFile; fileRef = E289292E564DD3D3113C78A0 /* SDCyclingSegmentLog.swift */; };
		E43F626CC232F119D785028C /* PlanPreviewView.swift in Sources */ = {isa = PBXBuildFile; fileRef = B3035AF16DE4D010D9C31C4E /* PlanPreviewView.swift */; };
		EAACD7AF2DE110454146B34B /* DropSetFlow.swift in Sources */ = {isa = PBXBuildFile; fileRef = 184AEC4798A01217D8D2F3A9 /* DropSetFlow.swift */; };
		ED712A9C132C9EEE69B6F979 /* CockpitStyle.swift in Sources */ = {isa = PBXBuildFile; fileRef = 2331C7D451D8A7DA1814F048 /* CockpitStyle.swift */; };
		EDD30BF16657F5091FB3376F /* SyncService.swift in Sources */ = {isa = PBXBuildFile; fileRef = 45A8C2C14022779DBC148F74 /* SyncService.swift */; };
		F56862CBBA3A450A3DA289C3 /* WorkoutSessionManager.swift in Sources */ = {isa = PBXBuildFile; fileRef = 93AE250CC54489209C476385 /* WorkoutSessionManager.swift */; };
		F82480CA37A2D51DA8E18AB1 /* CyclingActivity.swift in Sources */ = {isa = PBXBuildFile; fileRef = 55A2A16AA4BFDBF6B4689243 /* CyclingActivity.swift */; };
		F874A0DD3A6755932CAE02CE /* SDTemplate.swift in Sources */ = {isa = PBXBuildFile; fileRef = 24A891923982896DEF5DFCF9 /* SDTemplate.swift */; };
		FACC5C8F83522249ED990311 /* PlansViewModel.swift in Sources */ = {isa = PBXBuildFile; fileRef = EC09FECB8DF01D44D341CA69 /* PlansViewModel.swift */; };
		FB2C1A5942FBCD391193752D /* IronLogWatch.app in Embed Watch Content */ = {isa = PBXBuildFile; fileRef = AE503FA15D4D6EB057533FD0 /* IronLogWatch.app */; settings = {ATTRIBUTES = (RemoveHeadersOnCopy, ); }; };
/* End PBXBuildFile section */

/* Begin PBXContainerItemProxy section */
		6BC39042AFCB7D6635413706 /* PBXContainerItemProxy */ = {
			isa = PBXContainerItemProxy;
			containerPortal = 793DCC82B1A115B1EAD8E10A /* Project object */;
			proxyType = 1;
			remoteGlobalIDString = 68F127FF37A8B7D8E5F786A1;
			remoteInfo = IronLog;
		};
		7AB37DBF2CB3332E08BE31E8 /* PBXContainerItemProxy */ = {
			isa = PBXContainerItemProxy;
			containerPortal = 793DCC82B1A115B1EAD8E10A /* Project object */;
			proxyType = 1;
			remoteGlobalIDString = 5770372D1CCD9F541968845C;
			remoteInfo = IronLogWidgets;
		};
		C6B15132687B544323520288 /* PBXContainerItemProxy */ = {
			isa = PBXContainerItemProxy;
			containerPortal = 793DCC82B1A115B1EAD8E10A /* Project object */;
			proxyType = 1;
			remoteGlobalIDString = 3FF2A23F26CD7F06645A932F;
			remoteInfo = IronLogWatch;
		};
/* End PBXContainerItemProxy section */

/* Begin PBXCopyFilesBuildPhase section */
		03C6DD7AB361450923363A9B /* Embed Watch Content */ = {
			isa = PBXCopyFilesBuildPhase;
			buildActionMask = 2147483647;
			dstPath = "$(CONTENTS_FOLDER_PATH)/Watch";
			dstSubfolderSpec = 16;
			files = (
				FB2C1A5942FBCD391193752D /* IronLogWatch.app in Embed Watch Content */,
			);
			name = "Embed Watch Content";
			runOnlyForDeploymentPostprocessing = 0;
		};
		165E7B455162F36E275C77D6 /* Embed Foundation Extensions */ = {
			isa = PBXCopyFilesBuildPhase;
			buildActionMask = 2147483647;
			dstPath = "";
			dstSubfolderSpec = 13;
			files = (
				B176C21961D57E04798A77D5 /* IronLogWidgets.appex in Embed Foundation Extensions */,
			);
			name = "Embed Foundation Extensions";
			runOnlyForDeploymentPostprocessing = 0;
		};
/* End PBXCopyFilesBuildPhase section */

/* Begin PBXFileReference section */
		00C0CCC6A44BA49912F27252 /* SDCyclingWorkout.swift */ = {isa = PBXFileReference; lastKnownFileType = sourcecode.swift; path = SDCyclingWorkout.swift; sourceTree = "<group>"; };
		04C06EC367AD2C40E08E6472 /* WorkoutExportService.swift */ = {isa = PBXFileReference; lastKnownFileType = sourcecode.swift; path = WorkoutExportService.swift; sourceTree = "<group>"; };
		0D15A951D7737F5ACA57183F /* SlideButton.swift */ = {isa = PBXFileReference; lastKnownFileType = sourcecode.swift; path = SlideButton.swift; sourceTree = "<group>"; };
		1001E6B9D92EB774339D1A7C /* CyclingWorkoutView.swift */ = {isa = PBXFileReference; lastKnownFileType = sourcecode.swift; path = CyclingWorkoutView.swift; sourceTree = "<group>"; };
		12B6B744831A3442CBC93BAB /* SDCyclingTemplate.swift */ = {isa = PBXFileReference; lastKnownFileType = sourcecode.swift; path = SDCyclingTemplate.swift; sourceTree = "<group>"; };
		16399A713C26691F71D422DB /* RestTimerLiveActivity.swift */ = {isa = PBXFileReference; lastKnownFileType = sourcecode.swift; path = RestTimerLiveActivity.swift; sourceTree = "<group>"; };
		184AEC4798A01217D8D2F3A9 /* DropSetFlow.swift */ = {isa = PBXFileReference; lastKnownFileType = sourcecode.swift; path = DropSetFlow.swift; sourceTree = "<group>"; };
		1F46E70311C07938FF5503EB /* WatchHRSource.swift */ = {isa = PBXFileReference; lastKnownFileType = sourcecode.swift; path = WatchHRSource.swift; sourceTree = "<group>"; };
		2331C7D451D8A7DA1814F048 /* CockpitStyle.swift */ = {isa = PBXFileReference; lastKnownFileType = sourcecode.swift; path = CockpitStyle.swift; sourceTree = "<group>"; };
		244B3A753BA03F21233D6AF0 /* SettingsView.swift */ = {isa = PBXFileReference; lastKnownFileType = sourcecode.swift; path = SettingsView.swift; sourceTree = "<group>"; };
		24A891923982896DEF5DFCF9 /* SDTemplate.swift */ = {isa = PBXFileReference; lastKnownFileType = sourcecode.swift; path = SDTemplate.swift; sourceTree = "<group>"; };
		32F525BCBC44EAA20594F626 /* IronLogApp.swift */ = {isa = PBXFileReference; lastKnownFileType = sourcecode.swift; path = IronLogApp.swift; sourceTree = "<group>"; };
		3546CCF1405ECC208820E429 /* Assets.xcassets */ = {isa = PBXFileReference; lastKnownFileType = folder.assetcatalog; path = Assets.xcassets; sourceTree = "<group>"; };
		3719F8C6CF3CCEDBD02AAA26 /* PlanImportService.swift */ = {isa = PBXFileReference; lastKnownFileType = sourcecode.swift; path = PlanImportService.swift; sourceTree = "<group>"; };
		381D2DE6CA1AB5E9ED39F06B /* IronLogTests.xctest */ = {isa = PBXFileReference; includeInIndex = 0; lastKnownFileType = wrapper.cfbundle; path = IronLogTests.xctest; sourceTree = BUILT_PRODUCTS_DIR; };
		38A72882AEF4F3B8C10F7CFD /* MultipleSupersetPairsTests.swift */ = {isa = PBXFileReference; lastKnownFileType = sourcecode.swift; path = MultipleSupersetPairsTests.swift; sourceTree = "<group>"; };
		3DFBBC15ED173A0250399581 /* CyclingLiveActivity.swift */ = {isa = PBXFileReference; lastKnownFileType = sourcecode.swift; path = CyclingLiveActivity.swift; sourceTree = "<group>"; };
		3E79B1751944A6FFC7F15084 /* CrashReporter.swift */ = {isa = PBXFileReference; lastKnownFileType = sourcecode.swift; path = CrashReporter.swift; sourceTree = "<group>"; };
		3F56D1F05F80F876F5B1368B /* SDExercise.swift */ = {isa = PBXFileReference; lastKnownFileType = sourcecode.swift; path = SDExercise.swift; sourceTree = "<group>"; };
		43B3CF4C96A4B84A836DF46E /* WorkoutHistoryView.swift */ = {isa = PBXFileReference; lastKnownFileType = sourcecode.swift; path = WorkoutHistoryView.swift; sourceTree = "<group>"; };
		45A8C2C14022779DBC148F74 /* SyncService.swift */ = {isa = PBXFileReference; lastKnownFileType = sourcecode.swift; path = SyncService.swift; sourceTree = "<group>"; };
		46FFF94744538A5FBC26E553 /* SDWorkout.swift */ = {isa = PBXFileReference; lastKnownFileType = sourcecode.swift; path = SDWorkout.swift; sourceTree = "<group>"; };
		4AD5D61D81E40E92BF337E50 /* DebugLogView.swift */ = {isa = PBXFileReference; lastKnownFileType = sourcecode.swift; path = DebugLogView.swift; sourceTree = "<group>"; };
		4B3F532FF66BEC4FC23D3086 /* IronLogWidgetsBundle.swift */ = {isa = PBXFileReference; lastKnownFileType = sourcecode.swift; path = IronLogWidgetsBundle.swift; sourceTree = "<group>"; };
		4DFB2BDF5ACD13AA4AA122DE /* ContentView.swift */ = {isa = PBXFileReference; lastKnownFileType = sourcecode.swift; path = ContentView.swift; sourceTree = "<group>"; };
		55A2A16AA4BFDBF6B4689243 /* CyclingActivity.swift */ = {isa = PBXFileReference; lastKnownFileType = sourcecode.swift; path = CyclingActivity.swift; sourceTree = "<group>"; };
		5AAFD2469A44B231ADC47A42 /* LiveWorkoutView.swift */ = {isa = PBXFileReference; lastKnownFileType = sourcecode.swift; path = LiveWorkoutView.swift; sourceTree = "<group>"; };
		5B8DF11A238D1DCE99CFE2AF /* ActiveWorkoutView.swift */ = {isa = PBXFileReference; lastKnownFileType = sourcecode.swift; path = ActiveWorkoutView.swift; sourceTree = "<group>"; };
		5DCB8E5A58C7B465F4416A89 /* RestTimerService.swift */ = {isa = PBXFileReference; lastKnownFileType = sourcecode.swift; path = RestTimerService.swift; sourceTree = "<group>"; };
		60001772EF66088099E53247 /* TemplatePicker.swift */ = {isa = PBXFileReference; lastKnownFileType = sourcecode.swift; path = TemplatePicker.swift; sourceTree = "<group>"; };
		64A32AE65799596C49F76123 /* ActiveWorkoutViewModel.swift */ = {isa = PBXFileReference; lastKnownFileType = sourcecode.swift; path = ActiveWorkoutViewModel.swift; sourceTree = "<group>"; };
		680AF2C78A2A7ED5155CD0BA /* ImportView.swift */ = {isa = PBXFileReference; lastKnownFileType = sourcecode.swift; path = ImportView.swift; sourceTree = "<group>"; };
		708D0F4C23D8715AF9DB4672 /* SDSetLog.swift */ = {isa = PBXFileReference; lastKnownFileType = sourcecode.swift; path = SDSetLog.swift; sourceTree = "<group>"; };
		70A347B31B8BDD449846EFE0 /* SchemaRegistry.swift */ = {isa = PBXFileReference; lastKnownFileType = sourcecode.swift; path = SchemaRegistry.swift; sourceTree = "<group>"; };
		71EBFF0127D2BB2A6364411D /* RestPauseFlow.swift */ = {isa = PBXFileReference; lastKnownFileType = sourcecode.swift; path = RestPauseFlow.swift; sourceTree = "<group>"; };
		744DAE6CAFA21C0C011011FB /* TechniqueFlowFactory.swift */ = {isa = PBXFileReference; lastKnownFileType = sourcecode.swift; path = TechniqueFlowFactory.swift; sourceTree = "<group>"; };
		76C67DF310FF91A0AD87D2C8 /* PlanSyncHelper.swift */ = {isa = PBXFileReference; lastKnownFileType = sourcecode.swift; path = PlanSyncHelper.swift; sourceTree = "<group>"; };
		77FD0FF6F621454F8735020E /* Info.plist */ = {isa = PBXFileReference; lastKnownFileType = text.plist; path = Info.plist; sourceTree = "<group>"; };
		7BFE15482BE5463C2BB4996F /* CyclingExpanderTests.swift */ = {isa = PBXFileReference; lastKnownFileType = sourcecode.swift; path = CyclingExpanderTests.swift; sourceTree = "<group>"; };
		7DA7DAF98BF56BC4F63DE0B6 /* Info.plist */ = {isa = PBXFileReference; lastKnownFileType = text.plist; path = Info.plist; sourceTree = "<group>"; };
		7FB8A89E56D00AB1E9359AFA /* IronLog.entitlements */ = {isa = PBXFileReference; lastKnownFileType = text.plist.entitlements; path = IronLog.entitlements; sourceTree = "<group>"; };
		8A077881E4FD09953161D6AF /* CrashReporterTests.swift */ = {isa = PBXFileReference; lastKnownFileType = sourcecode.swift; path = CrashReporterTests.swift; sourceTree = "<group>"; };
		91F1BA55C15D47CFEF1663B3 /* SDPrescribedSet.swift */ = {isa = PBXFileReference; lastKnownFileType = sourcecode.swift; path = SDPrescribedSet.swift; sourceTree = "<group>"; };
		93AE250CC54489209C476385 /* WorkoutSessionManager.swift */ = {isa = PBXFileReference; lastKnownFileType = sourcecode.swift; path = WorkoutSessionManager.swift; sourceTree = "<group>"; };
		97DF69805C15D584C88B71AF /* CyclingWorkoutLogJSON.swift */ = {isa = PBXFileReference; lastKnownFileType = sourcecode.swift; path = CyclingWorkoutLogJSON.swift; sourceTree = "<group>"; };
		9C8C919D8CBA86E285BAD7D3 /* RestTimerActivity.swift */ = {isa = PBXFileReference; lastKnownFileType = sourcecode.swift; path = RestTimerActivity.swift; sourceTree = "<group>"; };
		9D344C1479989C7B133CAE76 /* SDCyclingPlan.swift */ = {isa = PBXFileReference; lastKnownFileType = sourcecode.swift; path = SDCyclingPlan.swift; sourceTree = "<group>"; };
		9D7F68C6C41A3428321DDA54 /* Info.plist */ = {isa = PBXFileReference; lastKnownFileType = text.plist; path = Info.plist; sourceTree = "<group>"; };
		A6FE7055A7F46A37D977A796 /* WorkoutPlanJSON.swift */ = {isa = PBXFileReference; lastKnownFileType = sourcecode.swift; path = WorkoutPlanJSON.swift; sourceTree = "<group>"; };
		AD6F32CFD231D79A3F75DB70 /* SDExerciseLog.swift */ = {isa = PBXFileReference; lastKnownFileType = sourcecode.swift; path = SDExerciseLog.swift; sourceTree = "<group>"; };
		AE503FA15D4D6EB057533FD0 /* IronLogWatch.app */ = {isa = PBXFileReference; explicitFileType = wrapper.application; includeInIndex = 0; path = IronLogWatch.app; sourceTree = BUILT_PRODUCTS_DIR; };
		B3035AF16DE4D010D9C31C4E /* PlanPreviewView.swift */ = {isa = PBXFileReference; lastKnownFileType = sourcecode.swift; path = PlanPreviewView.swift; sourceTree = "<group>"; };
		B37295F5F2868B4F81836919 /* PlansListView.swift */ = {isa = PBXFileReference; lastKnownFileType = sourcecode.swift; path = PlansListView.swift; sourceTree = "<group>"; };
		B9BADB868C84FB042AA5F456 /* PlanSelectionKey.swift */ = {isa = PBXFileReference; lastKnownFileType = sourcecode.swift; path = PlanSelectionKey.swift; sourceTree = "<group>"; };
		BA7B0C3CDFB7A63DD8DDDB50 /* IronLog.app */ = {isa = PBXFileReference; includeInIndex = 0; lastKnownFileType = wrapper.application; path = IronLog.app; sourceTree = BUILT_PRODUCTS_DIR; };
		BB4DE5309133F8528CA19610 /* WorkoutLogJSON.swift */ = {isa = PBXFileReference; lastKnownFileType = sourcecode.swift; path = WorkoutLogJSON.swift; sourceTree = "<group>"; };
		BCC5ECAF118D547251427076 /* WatchWorkoutManager.swift */ = {isa = PBXFileReference; lastKnownFileType = sourcecode.swift; path = WatchWorkoutManager.swift; sourceTree = "<group>"; };
		BCE7AE6478B45DF6D5D44BA0 /* StraightFlow.swift */ = {isa = PBXFileReference; lastKnownFileType = sourcecode.swift; path = StraightFlow.swift; sourceTree = "<group>"; };
		C2E18CC11E698DA88F124C2A /* SupersetFlow.swift */ = {isa = PBXFileReference; lastKnownFileType = sourcecode.swift; path = SupersetFlow.swift; sourceTree = "<group>"; };
		CA23380F3A06F84BB64A2531 /* IronLogWatchApp.swift */ = {isa = PBXFileReference; lastKnownFileType = sourcecode.swift; path = IronLogWatchApp.swift; sourceTree = "<group>"; };
		CBCB62CBF64954BBA88C9E08 /* WorkoutSyncService.swift */ = {isa = PBXFileReference; lastKnownFileType = sourcecode.swift; path = WorkoutSyncService.swift; sourceTree = "<group>"; };
		CD16CBF0876A6590B803D157 /* HealthKitHRSource.swift */ = {isa = PBXFileReference; lastKnownFileType = sourcecode.swift; path = HealthKitHRSource.swift; sourceTree = "<group>"; };
		CD46F8DEAEEB627A18216313 /* IronLogWatch.entitlements */ = {isa = PBXFileReference; lastKnownFileType = text.plist.entitlements; path = IronLogWatch.entitlements; sourceTree = "<group>"; };
		CDEEDB494F8D04A2017962EC /* SDExerciseGroup.swift */ = {isa = PBXFileReference; lastKnownFileType = sourcecode.swift; path = SDExerciseGroup.swift; sourceTree = "<group>"; };
		DAEE78B75B5E97D9391C6308 /* CyclingPlanJSON.swift */ = {isa = PBXFileReference; lastKnownFileType = sourcecode.swift; path = CyclingPlanJSON.swift; sourceTree = "<group>"; };
		DB654CC25AFCD719E51B1636 /* PhoneWorkoutHRSource.swift */ = {isa = PBXFileReference; lastKnownFileType = sourcecode.swift; path = PhoneWorkoutHRSource.swift; sourceTree = "<group>"; };
		E16FEF986CB27CA6A77AC2BC /* TechniqueFlow.swift */ = {isa = PBXFileReference; lastKnownFileType = sourcecode.swift; path = TechniqueFlow.swift; sourceTree = "<group>"; };
		E289292E564DD3D3113C78A0 /* SDCyclingSegmentLog.swift */ = {isa = PBXFileReference; lastKnownFileType = sourcecode.swift; path = SDCyclingSegmentLog.swift; sourceTree = "<group>"; };
		E2AD8088430468D97CB1574F /* HealthKitManager.swift */ = {isa = PBXFileReference; lastKnownFileType = sourcecode.swift; path = HealthKitManager.swift; sourceTree = "<group>"; };
		E3CBF8BBDCCBF099EC3FBF0B /* CyclingNotificationScheduler.swift */ = {isa = PBXFileReference; lastKnownFileType = sourcecode.swift; path = CyclingNotificationScheduler.swift; sourceTree = "<group>"; };
		E468F5C52C2A2615D888A40C /* SDCyclingSegment.swift */ = {isa = PBXFileReference; lastKnownFileType = sourcecode.swift; path = SDCyclingSegment.swift; sourceTree = "<group>"; };
		EBB5B639796A118483C22E92 /* CyclingWorkoutViewModel.swift */ = {isa = PBXFileReference; lastKnownFileType = sourcecode.swift; path = CyclingWorkoutViewModel.swift; sourceTree = "<group>"; };
		EC09FECB8DF01D44D341CA69 /* PlansViewModel.swift */ = {isa = PBXFileReference; lastKnownFileType = sourcecode.swift; path = PlansViewModel.swift; sourceTree = "<group>"; };
		EC44691C20AC713C84DAEE46 /* MyoRepsFlow.swift */ = {isa = PBXFileReference; lastKnownFileType = sourcecode.swift; path = MyoRepsFlow.swift; sourceTree = "<group>"; };
		EE47161A61ADA95A2ECA149E /* sample-plan.json */ = {isa = PBXFileReference; lastKnownFileType = text.json; path = "sample-plan.json"; sourceTree = "<group>"; };
		F19F41892A320ED66FE4781D /* ParsedPlanDispatchTests.swift */ = {isa = PBXFileReference; lastKnownFileType = sourcecode.swift; path = ParsedPlanDispatchTests.swift; sourceTree = "<group>"; };
		F4F8C9D1FD27E0FFECC23CF1 /* HealthKit.framework */ = {isa = PBXFileReference; lastKnownFileType = wrapper.framework; name = HealthKit.framework; path = System/Library/Frameworks/HealthKit.framework; sourceTree = SDKROOT; };
		FC640AA2E9127779FBFE493E /* SDPlan.swift */ = {isa = PBXFileReference; lastKnownFileType = sourcecode.swift; path = SDPlan.swift; sourceTree = "<group>"; };
		FD855B614F3CECE308397152 /* IronLogWidgets.appex */ = {isa = PBXFileReference; includeInIndex = 0; lastKnownFileType = "wrapper.app-extension"; path = IronLogWidgets.appex; sourceTree = BUILT_PRODUCTS_DIR; };
		FF21596C2AB3CE08BD46FBBA /* HRSource.swift */ = {isa = PBXFileReference; lastKnownFileType = sourcecode.swift; path = HRSource.swift; sourceTree = "<group>"; };
/* End PBXFileReference section */

/* Begin PBXFrameworksBuildPhase section */
		9E32A6B012A596D4C032AD1E /* Frameworks */ = {
			isa = PBXFrameworksBuildPhase;
			buildActionMask = 2147483647;
			files = (
				DC02848CAD5F045C7E4AB756 /* HealthKit.framework in Frameworks */,
			);
			runOnlyForDeploymentPostprocessing = 0;
		};
		F20C26EBE11A2C9F2886F0DA /* Frameworks */ = {
			isa = PBXFrameworksBuildPhase;
			buildActionMask = 2147483647;
			files = (
				518E547F080E1E0ED024C23D /* HealthKit.framework in Frameworks */,
			);
			runOnlyForDeploymentPostprocessing = 0;
		};
/* End PBXFrameworksBuildPhase section */

/* Begin PBXGroup section */
		18E20879A8A79AD51E8CF372 /* TechniqueFlows */ = {
			isa = PBXGroup;
			children = (
				184AEC4798A01217D8D2F3A9 /* DropSetFlow.swift */,
				EC44691C20AC713C84DAEE46 /* MyoRepsFlow.swift */,
				71EBFF0127D2BB2A6364411D /* RestPauseFlow.swift */,
				BCE7AE6478B45DF6D5D44BA0 /* StraightFlow.swift */,
				C2E18CC11E698DA88F124C2A /* SupersetFlow.swift */,
				E16FEF986CB27CA6A77AC2BC /* TechniqueFlow.swift */,
				744DAE6CAFA21C0C011011FB /* TechniqueFlowFactory.swift */,
			);
			path = TechniqueFlows;
			sourceTree = "<group>";
		};
		2C214FA6A4C71FA77DB37AA7 /* Settings */ = {
			isa = PBXGroup;
			children = (
				244B3A753BA03F21233D6AF0 /* SettingsView.swift */,
			);
			path = Settings;
			sourceTree = "<group>";
		};
		3F47C8A5B2BD310177171771 /* Resources */ = {
			isa = PBXGroup;
			children = (
				3546CCF1405ECC208820E429 /* Assets.xcassets */,
				EE47161A61ADA95A2ECA149E /* sample-plan.json */,
			);
			path = Resources;
			sourceTree = "<group>";
		};
		47C77978A80557558BE50209 /* Frameworks */ = {
			isa = PBXGroup;
			children = (
				F4F8C9D1FD27E0FFECC23CF1 /* HealthKit.framework */,
			);
			name = Frameworks;
			sourceTree = "<group>";
		};
		495CA01E4CE7E827A22E4F5C /* Products */ = {
			isa = PBXGroup;
			children = (
				BA7B0C3CDFB7A63DD8DDDB50 /* IronLog.app */,
				381D2DE6CA1AB5E9ED39F06B /* IronLogTests.xctest */,
				AE503FA15D4D6EB057533FD0 /* IronLogWatch.app */,
				FD855B614F3CECE308397152 /* IronLogWidgets.appex */,
			);
			name = Products;
			sourceTree = "<group>";
		};
		5500ECB9CCC689C0070A465B /* Data */ = {
			isa = PBXGroup;
			children = (
				9D344C1479989C7B133CAE76 /* SDCyclingPlan.swift */,
				E468F5C52C2A2615D888A40C /* SDCyclingSegment.swift */,
				E289292E564DD3D3113C78A0 /* SDCyclingSegmentLog.swift */,
				12B6B744831A3442CBC93BAB /* SDCyclingTemplate.swift */,
				00C0CCC6A44BA49912F27252 /* SDCyclingWorkout.swift */,
				3F56D1F05F80F876F5B1368B /* SDExercise.swift */,
				CDEEDB494F8D04A2017962EC /* SDExerciseGroup.swift */,
				AD6F32CFD231D79A3F75DB70 /* SDExerciseLog.swift */,
				FC640AA2E9127779FBFE493E /* SDPlan.swift */,
				91F1BA55C15D47CFEF1663B3 /* SDPrescribedSet.swift */,
				708D0F4C23D8715AF9DB4672 /* SDSetLog.swift */,
				24A891923982896DEF5DFCF9 /* SDTemplate.swift */,
				46FFF94744538A5FBC26E553 /* SDWorkout.swift */,
			);
			path = Data;
			sourceTree = "<group>";
		};
		6DAF1FD744C12AF759FA6153 = {
			isa = PBXGroup;
			children = (
				E878063FF779C1AB1666E5A1 /* IronLog */,
				B0A7A204810D8A18F694543F /* IronLogTests */,
				F6AA7C87E143E2EFD5F27520 /* IronLogWatch */,
				FEF38C10D5DB541C9D774B1E /* IronLogWidgets */,
				47C77978A80557558BE50209 /* Frameworks */,
				495CA01E4CE7E827A22E4F5C /* Products */,
			);
			sourceTree = "<group>";
		};
		795454950FA30CE4466BA7CA /* JSON */ = {
			isa = PBXGroup;
			children = (
				DAEE78B75B5E97D9391C6308 /* CyclingPlanJSON.swift */,
				97DF69805C15D584C88B71AF /* CyclingWorkoutLogJSON.swift */,
				BB4DE5309133F8528CA19610 /* WorkoutLogJSON.swift */,
				A6FE7055A7F46A37D977A796 /* WorkoutPlanJSON.swift */,
			);
			path = JSON;
			sourceTree = "<group>";
		};
		8165F818D4A900E3F2023A01 /* Plans */ = {
			isa = PBXGroup;
			children = (
				680AF2C78A2A7ED5155CD0BA /* ImportView.swift */,
				B3035AF16DE4D010D9C31C4E /* PlanPreviewView.swift */,
				B37295F5F2868B4F81836919 /* PlansListView.swift */,
			);
			path = Plans;
			sourceTree = "<group>";
		};
		86C6B699A050091305C25FF7 /* Services */ = {
			isa = PBXGroup;
			children = (
				3E79B1751944A6FFC7F15084 /* CrashReporter.swift */,
				55A2A16AA4BFDBF6B4689243 /* CyclingActivity.swift */,
				E3CBF8BBDCCBF099EC3FBF0B /* CyclingNotificationScheduler.swift */,
				CD16CBF0876A6590B803D157 /* HealthKitHRSource.swift */,
				E2AD8088430468D97CB1574F /* HealthKitManager.swift */,
				FF21596C2AB3CE08BD46FBBA /* HRSource.swift */,
				DB654CC25AFCD719E51B1636 /* PhoneWorkoutHRSource.swift */,
				3719F8C6CF3CCEDBD02AAA26 /* PlanImportService.swift */,
				B9BADB868C84FB042AA5F456 /* PlanSelectionKey.swift */,
				76C67DF310FF91A0AD87D2C8 /* PlanSyncHelper.swift */,
				9C8C919D8CBA86E285BAD7D3 /* RestTimerActivity.swift */,
				5DCB8E5A58C7B465F4416A89 /* RestTimerService.swift */,
				70A347B31B8BDD449846EFE0 /* SchemaRegistry.swift */,
				45A8C2C14022779DBC148F74 /* SyncService.swift */,
				1F46E70311C07938FF5503EB /* WatchHRSource.swift */,
				04C06EC367AD2C40E08E6472 /* WorkoutExportService.swift */,
				93AE250CC54489209C476385 /* WorkoutSessionManager.swift */,
				CBCB62CBF64954BBA88C9E08 /* WorkoutSyncService.swift */,
			);
			path = Services;
			sourceTree = "<group>";
		};
		883D358CE11A8EC3D2F82840 /* Workout */ = {
			isa = PBXGroup;
			children = (
				5B8DF11A238D1DCE99CFE2AF /* ActiveWorkoutView.swift */,
				1001E6B9D92EB774339D1A7C /* CyclingWorkoutView.swift */,
				4AD5D61D81E40E92BF337E50 /* DebugLogView.swift */,
				60001772EF66088099E53247 /* TemplatePicker.swift */,
			);
			path = Workout;
			sourceTree = "<group>";
		};
		915A40F25C13986B6CCF91AD /* Models */ = {
			isa = PBXGroup;
			children = (
				5500ECB9CCC689C0070A465B /* Data */,
				795454950FA30CE4466BA7CA /* JSON */,
			);
			path = Models;
			sourceTree = "<group>";
		};
		AB75DA28F96AD1ED73A9EE2D /* Views */ = {
			isa = PBXGroup;
			children = (
				D87D2D361FBB02D81C551C56 /* Components */,
				FCE47075EF8143A2303FDD1C /* History */,
				8165F818D4A900E3F2023A01 /* Plans */,
				2C214FA6A4C71FA77DB37AA7 /* Settings */,
				883D358CE11A8EC3D2F82840 /* Workout */,
			);
			path = Views;
			sourceTree = "<group>";
		};
		B0A7A204810D8A18F694543F /* IronLogTests */ = {
			isa = PBXGroup;
			children = (
				8A077881E4FD09953161D6AF /* CrashReporterTests.swift */,
				7BFE15482BE5463C2BB4996F /* CyclingExpanderTests.swift */,
				38A72882AEF4F3B8C10F7CFD /* MultipleSupersetPairsTests.swift */,
				F19F41892A320ED66FE4781D /* ParsedPlanDispatchTests.swift */,
			);
			path = IronLogTests;
			sourceTree = "<group>";
		};
		D87D2D361FBB02D81C551C56 /* Components */ = {
			isa = PBXGroup;
			children = (
				2331C7D451D8A7DA1814F048 /* CockpitStyle.swift */,
				0D15A951D7737F5ACA57183F /* SlideButton.swift */,
			);
			path = Components;
			sourceTree = "<group>";
		};
		DB4B3DC3D997A42D291535C7 /* ViewModels */ = {
			isa = PBXGroup;
			children = (
				64A32AE65799596C49F76123 /* ActiveWorkoutViewModel.swift */,
				EBB5B639796A118483C22E92 /* CyclingWorkoutViewModel.swift */,
				EC09FECB8DF01D44D341CA69 /* PlansViewModel.swift */,
			);
			path = ViewModels;
			sourceTree = "<group>";
		};
		E878063FF779C1AB1666E5A1 /* IronLog */ = {
			isa = PBXGroup;
			children = (
				4DFB2BDF5ACD13AA4AA122DE /* ContentView.swift */,
				77FD0FF6F621454F8735020E /* Info.plist */,
				7FB8A89E56D00AB1E9359AFA /* IronLog.entitlements */,
				32F525BCBC44EAA20594F626 /* IronLogApp.swift */,
				915A40F25C13986B6CCF91AD /* Models */,
				3F47C8A5B2BD310177171771 /* Resources */,
				86C6B699A050091305C25FF7 /* Services */,
				18E20879A8A79AD51E8CF372 /* TechniqueFlows */,
				DB4B3DC3D997A42D291535C7 /* ViewModels */,
				AB75DA28F96AD1ED73A9EE2D /* Views */,
			);
			path = IronLog;
			sourceTree = "<group>";
		};
		F6AA7C87E143E2EFD5F27520 /* IronLogWatch */ = {
			isa = PBXGroup;
			children = (
				9D7F68C6C41A3428321DDA54 /* Info.plist */,
				CD46F8DEAEEB627A18216313 /* IronLogWatch.entitlements */,
				CA23380F3A06F84BB64A2531 /* IronLogWatchApp.swift */,
				5AAFD2469A44B231ADC47A42 /* LiveWorkoutView.swift */,
				BCC5ECAF118D547251427076 /* WatchWorkoutManager.swift */,
			);
			path = IronLogWatch;
			sourceTree = "<group>";
		};
		FCE47075EF8143A2303FDD1C /* History */ = {
			isa = PBXGroup;
			children = (
				43B3CF4C96A4B84A836DF46E /* WorkoutHistoryView.swift */,
			);
			path = History;
			sourceTree = "<group>";
		};
		FEF38C10D5DB541C9D774B1E /* IronLogWidgets */ = {
			isa = PBXGroup;
			children = (
				3DFBBC15ED173A0250399581 /* CyclingLiveActivity.swift */,
				7DA7DAF98BF56BC4F63DE0B6 /* Info.plist */,
				4B3F532FF66BEC4FC23D3086 /* IronLogWidgetsBundle.swift */,
				16399A713C26691F71D422DB /* RestTimerLiveActivity.swift */,
			);
			path = IronLogWidgets;
			sourceTree = "<group>";
		};
/* End PBXGroup section */

/* Begin PBXNativeTarget section */
		2B52870E96751A366903E3A9 /* IronLogTests */ = {
			isa = PBXNativeTarget;
			buildConfigurationList = BAE2D918BCE2500E05E37CF5 /* Build configuration list for PBXNativeTarget "IronLogTests" */;
			buildPhases = (
				0096275CAC45106DF0436750 /* Sources */,
			);
			buildRules = (
			);
			dependencies = (
				7549F21C3FB2E0ADBDD3FAC9 /* PBXTargetDependency */,
			);
			name = IronLogTests;
			packageProductDependencies = (
			);
			productName = IronLogTests;
			productReference = 381D2DE6CA1AB5E9ED39F06B /* IronLogTests.xctest */;
			productType = "com.apple.product-type.bundle.unit-test";
		};
		3FF2A23F26CD7F06645A932F /* IronLogWatch */ = {
			isa = PBXNativeTarget;
			buildConfigurationList = C496877D3318F4893C00417F /* Build configuration list for PBXNativeTarget "IronLogWatch" */;
			buildPhases = (
				C097E606DCDD1DFF1578FC07 /* Sources */,
				F20C26EBE11A2C9F2886F0DA /* Frameworks */,
			);
			buildRules = (
			);
			dependencies = (
			);
			name = IronLogWatch;
			packageProductDependencies = (
			);
			productName = IronLogWatch;
			productReference = AE503FA15D4D6EB057533FD0 /* IronLogWatch.app */;
			productType = "com.apple.product-type.application";
		};
		5770372D1CCD9F541968845C /* IronLogWidgets */ = {
			isa = PBXNativeTarget;
			buildConfigurationList = 0F11C9DC66904F3A4540FF1B /* Build configuration list for PBXNativeTarget "IronLogWidgets" */;
			buildPhases = (
				2642906F725CEE0F30E01012 /* Sources */,
			);
			buildRules = (
			);
			dependencies = (
			);
			name = IronLogWidgets;
			packageProductDependencies = (
			);
			productName = IronLogWidgets;
			productReference = FD855B614F3CECE308397152 /* IronLogWidgets.appex */;
			productType = "com.apple.product-type.app-extension";
		};
		68F127FF37A8B7D8E5F786A1 /* IronLog */ = {
			isa = PBXNativeTarget;
			buildConfigurationList = C72F111CCCFA6384B7653AE9 /* Build configuration list for PBXNativeTarget "IronLog" */;
			buildPhases = (
				5B88375E5A8E44EEE7363B59 /* Sources */,
				14BA291800AD957122F48C92 /* Resources */,
				9E32A6B012A596D4C032AD1E /* Frameworks */,
				165E7B455162F36E275C77D6 /* Embed Foundation Extensions */,
				03C6DD7AB361450923363A9B /* Embed Watch Content */,
			);
			buildRules = (
			);
			dependencies = (
				4E1AD9EB8140311DBFAABE5E /* PBXTargetDependency */,
				76B3E96735ECC3EEF7F23A7D /* PBXTargetDependency */,
			);
			name = IronLog;
			packageProductDependencies = (
			);
			productName = IronLog;
			productReference = BA7B0C3CDFB7A63DD8DDDB50 /* IronLog.app */;
			productType = "com.apple.product-type.application";
		};
/* End PBXNativeTarget section */

/* Begin PBXProject section */
		793DCC82B1A115B1EAD8E10A /* Project object */ = {
			isa = PBXProject;
			attributes = {
				BuildIndependentTargetsInParallel = YES;
				LastUpgradeCheck = 1600;
				TargetAttributes = {
					2B52870E96751A366903E3A9 = {
						DevelopmentTeam = W88C7J82R5;
					};
					3FF2A23F26CD7F06645A932F = {
						DevelopmentTeam = W88C7J82R5;
						ProvisioningStyle = Automatic;
					};
					5770372D1CCD9F541968845C = {
						DevelopmentTeam = W88C7J82R5;
					};
					68F127FF37A8B7D8E5F786A1 = {
						DevelopmentTeam = W88C7J82R5;
					};
				};
			};
			buildConfigurationList = E98970C7231D9BE3F54C332D /* Build configuration list for PBXProject "IronLog" */;
			developmentRegion = en;
			hasScannedForEncodings = 0;
			knownRegions = (
				Base,
				en,
			);
			mainGroup = 6DAF1FD744C12AF759FA6153;
			minimizedProjectReferenceProxies = 1;
			preferredProjectObjectVersion = 77;
			productRefGroup = 495CA01E4CE7E827A22E4F5C /* Products */;
			projectDirPath = "";
			projectRoot = "";
			targets = (
				68F127FF37A8B7D8E5F786A1 /* IronLog */,
				2B52870E96751A366903E3A9 /* IronLogTests */,
				3FF2A23F26CD7F06645A932F /* IronLogWatch */,
				5770372D1CCD9F541968845C /* IronLogWidgets */,
			);
		};
/* End PBXProject section */

/* Begin PBXResourcesBuildPhase section */
		14BA291800AD957122F48C92 /* Resources */ = {
			isa = PBXResourcesBuildPhase;
			buildActionMask = 2147483647;
			files = (
				5259E04EE8D7387545301C37 /* Assets.xcassets in Resources */,
				8B22B015C0D78B7CD1036CB0 /* sample-plan.json in Resources */,
			);
			runOnlyForDeploymentPostprocessing = 0;
		};
/* End PBXResourcesBuildPhase section */

/* Begin PBXSourcesBuildPhase section */
		0096275CAC45106DF0436750 /* Sources */ = {
			isa = PBXSourcesBuildPhase;
			buildActionMask = 2147483647;
			files = (
				E0E1E196F3679819A67FF59A /* CrashReporterTests.swift in Sources */,
				37165D0E9D225AD94DE6FB6B /* CyclingExpanderTests.swift in Sources */,
				352E75B34A5873E46A7D761E /* MultipleSupersetPairsTests.swift in Sources */,
				B867DE8AD0D742492717D318 /* ParsedPlanDispatchTests.swift in Sources */,
			);
			runOnlyForDeploymentPostprocessing = 0;
		};
		2642906F725CEE0F30E01012 /* Sources */ = {
			isa = PBXSourcesBuildPhase;
			buildActionMask = 2147483647;
			files = (
				F82480CA37A2D51DA8E18AB1 /* CyclingActivity.swift in Sources */,
				9B180513596FC0403908D4AD /* CyclingLiveActivity.swift in Sources */,
				12514F64FB335F325015D30C /* IronLogWidgetsBundle.swift in Sources */,
				56B0A76826F3AF7234BAB66F /* RestTimerActivity.swift in Sources */,
				9304B997188A8195EB64AE40 /* RestTimerLiveActivity.swift in Sources */,
			);
			runOnlyForDeploymentPostprocessing = 0;
		};
		5B88375E5A8E44EEE7363B59 /* Sources */ = {
			isa = PBXSourcesBuildPhase;
			buildActionMask = 2147483647;
			files = (
				5583CCA0C1E27B0C78C7A170 /* ActiveWorkoutView.swift in Sources */,
				5AF7E9804A9470BDF9CE2316 /* ActiveWorkoutViewModel.swift in Sources */,
				ED712A9C132C9EEE69B6F979 /* CockpitStyle.swift in Sources */,
				AA09D5E9DA193BDF2547268E /* ContentView.swift in Sources */,
				C1FAA1D373A8236A51A5A342 /* CrashReporter.swift in Sources */,
				B3F7104A1ACA09E52BCB1811 /* CyclingActivity.swift in Sources */,
				4595FF9D6F1AC753DBC5583D /* CyclingNotificationScheduler.swift in Sources */,
				A8C8A215E298370F43501A2A /* CyclingPlanJSON.swift in Sources */,
				C16EEBF98176A96B200FEDDB /* CyclingWorkoutLogJSON.swift in Sources */,
				981328CC51381DFD44F92B14 /* CyclingWorkoutView.swift in Sources */,
				CFCB0F23C74AD74E61623471 /* CyclingWorkoutViewModel.swift in Sources */,
				C62C0E034510BC61F807AD4F /* DebugLogView.swift in Sources */,
				EAACD7AF2DE110454146B34B /* DropSetFlow.swift in Sources */,
				D3EDC5CC2377183E1310F82A /* HRSource.swift in Sources */,
				553149C13FA9CAA22B9B0979 /* HealthKitHRSource.swift in Sources */,
				BA465328EEBE3AE25FBC906A /* HealthKitManager.swift in Sources */,
				E0D92A79DE5EBF20C7449E76 /* ImportView.swift in Sources */,
				AECBB84B4BFC57B1AAA028A9 /* IronLogApp.swift in Sources */,
				10745872E46739FB3F3DD153 /* MyoRepsFlow.swift in Sources */,
				1775F7C86A8F336D7974EFC5 /* PhoneWorkoutHRSource.swift in Sources */,
				28694F293F40D39BC15C4116 /* PlanImportService.swift in Sources */,
				E43F626CC232F119D785028C /* PlanPreviewView.swift in Sources */,
				7EA9C393005E627ADFC90C7A /* PlanSelectionKey.swift in Sources */,
				8D953D8EF45E0AB2B0100D06 /* PlanSyncHelper.swift in Sources */,
				A4A07366D7ABDB6568EBB205 /* PlansListView.swift in Sources */,
				FACC5C8F83522249ED990311 /* PlansViewModel.swift in Sources */,
				746B087515BBF05F7698FA4B /* RestPauseFlow.swift in Sources */,
				498928986014E349790D0CAC /* RestTimerActivity.swift in Sources */,
				80370AA88E81DE119673BB78 /* RestTimerService.swift in Sources */,
				444997292E51318F86DC13BF /* SDCyclingPlan.swift in Sources */,
				9BA6C78CB15A6E8B95405AE5 /* SDCyclingSegment.swift in Sources */,
				E1640826D9A876D44B9F44B2 /* SDCyclingSegmentLog.swift in Sources */,
				705B336E94DA1A1AF53B8A0C /* SDCyclingTemplate.swift in Sources */,
				9FB4053C61D02EDCCD3EFBC4 /* SDCyclingWorkout.swift in Sources */,
				CB926849D966873D47718DF6 /* SDExercise.swift in Sources */,
				0DDEDD1AC6A7790243E2286A /* SDExerciseGroup.swift in Sources */,
				6FD87EC938E401E6E2B01662 /* SDExerciseLog.swift in Sources */,
				0285EA79D9ADBD2CFBB05888 /* SDPlan.swift in Sources */,
				22C7AE60E4D1A830C470C5A8 /* SDPrescribedSet.swift in Sources */,
				4F8DA92F17B1FC20269004DE /* SDSetLog.swift in Sources */,
				F874A0DD3A6755932CAE02CE /* SDTemplate.swift in Sources */,
				84890F720260087A8B285504 /* SDWorkout.swift in Sources */,
				32C3A7DE08E2FFB02E0A2E14 /* SchemaRegistry.swift in Sources */,
				65436D67A051C3052051F92B /* SettingsView.swift in Sources */,
				55D31451C71BF624E6FEEBBC /* SlideButton.swift in Sources */,
				797C584402CC412156D25B70 /* StraightFlow.swift in Sources */,
				5603BBCD4E9B35FC26D73B14 /* SupersetFlow.swift in Sources */,
				EDD30BF16657F5091FB3376F /* SyncService.swift in Sources */,
				9F6F6964D657DB179924A124 /* TechniqueFlow.swift in Sources */,
				27A60272B28ECE763BCB2D41 /* TechniqueFlowFactory.swift in Sources */,
				1363FA115D352C1F960BE2A6 /* TemplatePicker.swift in Sources */,
				37CCCE4AD0FE3A98F984ED66 /* WatchHRSource.swift in Sources */,
				C89F3A35766F74BED16AA3F5 /* WorkoutExportService.swift in Sources */,
				2993D68A39B4B0DACDC9C870 /* WorkoutHistoryView.swift in Sources */,
				E0541E61C5DFE4EAA917D5D3 /* WorkoutLogJSON.swift in Sources */,
				CDFAD074E0B08300C779D833 /* WorkoutPlanJSON.swift in Sources */,
				F56862CBBA3A450A3DA289C3 /* WorkoutSessionManager.swift in Sources */,
				30F6D20CB419F41C53145862 /* WorkoutSyncService.swift in Sources */,
			);
			runOnlyForDeploymentPostprocessing = 0;
		};
		C097E606DCDD1DFF1578FC07 /* Sources */ = {
			isa = PBXSourcesBuildPhase;
			buildActionMask = 2147483647;
			files = (
				9A19E7F21170E837AB66355D /* IronLogWatchApp.swift in Sources */,
				839096F5A06C02240AA2B369 /* LiveWorkoutView.swift in Sources */,
				B0C24E2ED1F0493C334DCB8F /* WatchWorkoutManager.swift in Sources */,
			);
			runOnlyForDeploymentPostprocessing = 0;
		};
/* End PBXSourcesBuildPhase section */

/* Begin PBXTargetDependency section */
		4E1AD9EB8140311DBFAABE5E /* PBXTargetDependency */ = {
			isa = PBXTargetDependency;
			target = 5770372D1CCD9F541968845C /* IronLogWidgets */;
			targetProxy = 7AB37DBF2CB3332E08BE31E8 /* PBXContainerItemProxy */;
		};
		7549F21C3FB2E0ADBDD3FAC9 /* PBXTargetDependency */ = {
			isa = PBXTargetDependency;
			target = 68F127FF37A8B7D8E5F786A1 /* IronLog */;
			targetProxy = 6BC39042AFCB7D6635413706 /* PBXContainerItemProxy */;
		};
		76B3E96735ECC3EEF7F23A7D /* PBXTargetDependency */ = {
			isa = PBXTargetDependency;
			target = 3FF2A23F26CD7F06645A932F /* IronLogWatch */;
			targetProxy = C6B15132687B544323520288 /* PBXContainerItemProxy */;
		};
/* End PBXTargetDependency section */

/* Begin XCBuildConfiguration section */
		2CF794AF56C5799B4607F6CE /* Debug */ = {
			isa = XCBuildConfiguration;
			buildSettings = {
				ASSETCATALOG_COMPILER_APPICON_NAME = AppIcon;
				CODE_SIGN_ENTITLEMENTS = IronLogWatch/IronLogWatch.entitlements;
				CODE_SIGN_STYLE = Automatic;
				INFOPLIST_FILE = IronLogWatch/Info.plist;
				PRODUCT_BUNDLE_IDENTIFIER = com.W88C7J82R5.ironlog.watch;
				PRODUCT_NAME = IronLogWatch;
				SDKROOT = watchos;
				SKIP_INSTALL = YES;
				SWIFT_EMIT_LOC_STRINGS = YES;
				TARGETED_DEVICE_FAMILY = 4;
			};
			name = Debug;
		};
		348840D096C2C93EFB78DF5C /* Debug */ = {
			isa = XCBuildConfiguration;
			buildSettings = {
				BUNDLE_LOADER = "$(TEST_HOST)";
				GENERATE_INFOPLIST_FILE = YES;
				LD_RUNPATH_SEARCH_PATHS = (
					"$(inherited)",
					"@executable_path/Frameworks",
					"@loader_path/Frameworks",
				);
				PRODUCT_BUNDLE_IDENTIFIER = com.W88C7J82R5.ironlog.tests;
				SDKROOT = iphoneos;
				TARGETED_DEVICE_FAMILY = "1,2";
				TEST_HOST = "$(BUILT_PRODUCTS_DIR)/IronLog.app/$(BUNDLE_EXECUTABLE_FOLDER_PATH)/IronLog";
			};
			name = Debug;
		};
		3666C264FFBBDD59CEAABE30 /* Debug */ = {
			isa = XCBuildConfiguration;
			buildSettings = {
				ASSETCATALOG_COMPILER_APPICON_NAME = AppIcon;
				ASSETCATALOG_COMPILER_GLOBAL_ACCENT_COLOR_NAME = AccentColor;
				CODE_SIGN_ENTITLEMENTS = IronLog/IronLog.entitlements;
				CODE_SIGN_IDENTITY = "iPhone Developer";
				INFOPLIST_FILE = IronLog/Info.plist;
				LD_RUNPATH_SEARCH_PATHS = (
					"$(inherited)",
					"@executable_path/Frameworks",
				);
				PRODUCT_BUNDLE_IDENTIFIER = com.W88C7J82R5.ironlog;
				PRODUCT_NAME = IronLog;
				SDKROOT = iphoneos;
				SWIFT_EMIT_LOC_STRINGS = YES;
				TARGETED_DEVICE_FAMILY = "1,2";
			};
			name = Debug;
		};
		47DBC81C300F37B1B1B864F5 /* Release */ = {
			isa = XCBuildConfiguration;
			buildSettings = {
				ASSETCATALOG_COMPILER_APPICON_NAME = AppIcon;
				ASSETCATALOG_COMPILER_GLOBAL_ACCENT_COLOR_NAME = AccentColor;
				CODE_SIGN_ENTITLEMENTS = IronLog/IronLog.entitlements;
				CODE_SIGN_IDENTITY = "iPhone Developer";
				INFOPLIST_FILE = IronLog/Info.plist;
				LD_RUNPATH_SEARCH_PATHS = (
					"$(inherited)",
					"@executable_path/Frameworks",
				);
				PRODUCT_BUNDLE_IDENTIFIER = com.W88C7J82R5.ironlog;
				PRODUCT_NAME = IronLog;
				SDKROOT = iphoneos;
				SWIFT_EMIT_LOC_STRINGS = YES;
				TARGETED_DEVICE_FAMILY = "1,2";
			};
			name = Release;
		};
		4A698A9B5B874372D75E9E76 /* Release */ = {
			isa = XCBuildConfiguration;
			buildSettings = {
				BUNDLE_LOADER = "$(TEST_HOST)";
				GENERATE_INFOPLIST_FILE = YES;
				LD_RUNPATH_SEARCH_PATHS = (
					"$(inherited)",
					"@executable_path/Frameworks",
					"@loader_path/Frameworks",
				);
				PRODUCT_BUNDLE_IDENTIFIER = com.W88C7J82R5.ironlog.tests;
				SDKROOT = iphoneos;
				TARGETED_DEVICE_FAMILY = "1,2";
				TEST_HOST = "$(BUILT_PRODUCTS_DIR)/IronLog.app/$(BUNDLE_EXECUTABLE_FOLDER_PATH)/IronLog";
			};
			name = Release;
		};
		4D2FE41C5E15B4243CD11FEE /* Release */ = {
			isa = XCBuildConfiguration;
			buildSettings = {
				ALWAYS_SEARCH_USER_PATHS = NO;
				CLANG_ANALYZER_NONNULL = YES;
				CLANG_ANALYZER_NUMBER_OBJECT_CONVERSION = YES_AGGRESSIVE;
				CLANG_CXX_LANGUAGE_STANDARD = "gnu++14";
				CLANG_CXX_LIBRARY = "libc++";
				CLANG_ENABLE_MODULES = YES;
				CLANG_ENABLE_OBJC_ARC = YES;
				CLANG_ENABLE_OBJC_WEAK = YES;
				CLANG_WARN_BLOCK_CAPTURE_AUTORELEASING = YES;
				CLANG_WARN_BOOL_CONVERSION = YES;
				CLANG_WARN_COMMA = YES;
				CLANG_WARN_CONSTANT_CONVERSION = YES;
				CLANG_WARN_DEPRECATED_OBJC_IMPLEMENTATIONS = YES;
				CLANG_WARN_DIRECT_OBJC_ISA_USAGE = YES_ERROR;
				CLANG_WARN_DOCUMENTATION_COMMENTS = YES;
				CLANG_WARN_EMPTY_BODY = YES;
				CLANG_WARN_ENUM_CONVERSION = YES;
				CLANG_WARN_INFINITE_RECURSION = YES;
				CLANG_WARN_INT_CONVERSION = YES;
				CLANG_WARN_NON_LITERAL_NULL_CONVERSION = YES;
				CLANG_WARN_OBJC_IMPLICIT_RETAIN_SELF = YES;
				CLANG_WARN_OBJC_LITERAL_CONVERSION = YES;
				CLANG_WARN_OBJC_ROOT_CLASS = YES_ERROR;
				CLANG_WARN_QUOTED_INCLUDE_IN_FRAMEWORK_HEADER = YES;
				CLANG_WARN_RANGE_LOOP_ANALYSIS = YES;
				CLANG_WARN_STRICT_PROTOTYPES = YES;
				CLANG_WARN_SUSPICIOUS_MOVE = YES;
				CLANG_WARN_UNGUARDED_AVAILABILITY = YES_AGGRESSIVE;
				CLANG_WARN_UNREACHABLE_CODE = YES;
				CLANG_WARN__DUPLICATE_METHOD_MATCH = YES;
				COPY_PHASE_STRIP = NO;
				DEBUG_INFORMATION_FORMAT = "dwarf-with-dsym";
				DEVELOPMENT_TEAM = W88C7J82R5;
				ENABLE_NS_ASSERTIONS = NO;
				ENABLE_STRICT_OBJC_MSGSEND = YES;
				GCC_C_LANGUAGE_STANDARD = gnu11;
				GCC_NO_COMMON_BLOCKS = YES;
				GCC_WARN_64_TO_32_BIT_CONVERSION = YES;
				GCC_WARN_ABOUT_RETURN_TYPE = YES_ERROR;
				GCC_WARN_UNDECLARED_SELECTOR = YES;
				GCC_WARN_UNINITIALIZED_AUTOS = YES_AGGRESSIVE;
				GCC_WARN_UNUSED_FUNCTION = YES;
				GCC_WARN_UNUSED_VARIABLE = YES;
				IPHONEOS_DEPLOYMENT_TARGET = 17.0;
				MTL_ENABLE_DEBUG_INFO = NO;
				MTL_FAST_MATH = YES;
				PRODUCT_NAME = "$(TARGET_NAME)";
				SWIFT_COMPILATION_MODE = wholemodule;
				SWIFT_OPTIMIZATION_LEVEL = "-O";
				SWIFT_VERSION = 5.9;
				WATCHOS_DEPLOYMENT_TARGET = 10.0;
			};
			name = Release;
		};
		5B6068F1E46DCF04883EF33F /* Debug */ = {
			isa = XCBuildConfiguration;
			buildSettings = {
				INFOPLIST_FILE = IronLogWidgets/Info.plist;
				LD_RUNPATH_SEARCH_PATHS = (
					"$(inherited)",
					"@executable_path/Frameworks",
					"@executable_path/../../Frameworks",
				);
				PRODUCT_BUNDLE_IDENTIFIER = com.W88C7J82R5.ironlog.widgets;
				PRODUCT_NAME = IronLogWidgets;
				SDKROOT = iphoneos;
				SKIP_INSTALL = YES;
				SWIFT_EMIT_LOC_STRINGS = YES;
				TARGETED_DEVICE_FAMILY = "1,2";
			};
			name = Debug;
		};
		6A1149D111A3AC871CA25763 /* Release */ = {
			isa = XCBuildConfiguration;
			buildSettings = {
				ASSETCATALOG_COMPILER_APPICON_NAME = AppIcon;
				CODE_SIGN_ENTITLEMENTS = IronLogWatch/IronLogWatch.entitlements;
				CODE_SIGN_STYLE = Automatic;
				INFOPLIST_FILE = IronLogWatch/Info.plist;
				PRODUCT_BUNDLE_IDENTIFIER = com.W88C7J82R5.ironlog.watch;
				PRODUCT_NAME = IronLogWatch;
				SDKROOT = watchos;
				SKIP_INSTALL = YES;
				SWIFT_EMIT_LOC_STRINGS = YES;
				TARGETED_DEVICE_FAMILY = 4;
			};
			name = Release;
		};
		9B2750FE63816464E5ACA729 /* Debug */ = {
			isa = XCBuildConfiguration;
			buildSettings = {
				ALWAYS_SEARCH_USER_PATHS = NO;
				CLANG_ANALYZER_NONNULL = YES;
				CLANG_ANALYZER_NUMBER_OBJECT_CONVERSION = YES_AGGRESSIVE;
				CLANG_CXX_LANGUAGE_STANDARD = "gnu++14";
				CLANG_CXX_LIBRARY = "libc++";
				CLANG_ENABLE_MODULES = YES;
				CLANG_ENABLE_OBJC_ARC = YES;
				CLANG_ENABLE_OBJC_WEAK = YES;
				CLANG_WARN_BLOCK_CAPTURE_AUTORELEASING = YES;
				CLANG_WARN_BOOL_CONVERSION = YES;
				CLANG_WARN_COMMA = YES;
				CLANG_WARN_CONSTANT_CONVERSION = YES;
				CLANG_WARN_DEPRECATED_OBJC_IMPLEMENTATIONS = YES;
				CLANG_WARN_DIRECT_OBJC_ISA_USAGE = YES_ERROR;
				CLANG_WARN_DOCUMENTATION_COMMENTS = YES;
				CLANG_WARN_EMPTY_BODY = YES;
				CLANG_WARN_ENUM_CONVERSION = YES;
				CLANG_WARN_INFINITE_RECURSION = YES;
				CLANG_WARN_INT_CONVERSION = YES;
				CLANG_WARN_NON_LITERAL_NULL_CONVERSION = YES;
				CLANG_WARN_OBJC_IMPLICIT_RETAIN_SELF = YES;
				CLANG_WARN_OBJC_LITERAL_CONVERSION = YES;
				CLANG_WARN_OBJC_ROOT_CLASS = YES_ERROR;
				CLANG_WARN_QUOTED_INCLUDE_IN_FRAMEWORK_HEADER = YES;
				CLANG_WARN_RANGE_LOOP_ANALYSIS = YES;
				CLANG_WARN_STRICT_PROTOTYPES = YES;
				CLANG_WARN_SUSPICIOUS_MOVE = YES;
				CLANG_WARN_UNGUARDED_AVAILABILITY = YES_AGGRESSIVE;
				CLANG_WARN_UNREACHABLE_CODE = YES;
				CLANG_WARN__DUPLICATE_METHOD_MATCH = YES;
				COPY_PHASE_STRIP = NO;
				DEBUG_INFORMATION_FORMAT = dwarf;
				DEVELOPMENT_TEAM = W88C7J82R5;
				ENABLE_STRICT_OBJC_MSGSEND = YES;
				ENABLE_TESTABILITY = YES;
				GCC_C_LANGUAGE_STANDARD = gnu11;
				GCC_DYNAMIC_NO_PIC = NO;
				GCC_NO_COMMON_BLOCKS = YES;
				GCC_OPTIMIZATION_LEVEL = 0;
				GCC_PREPROCESSOR_DEFINITIONS = (
					"$(inherited)",
					"DEBUG=1",
				);
				GCC_WARN_64_TO_32_BIT_CONVERSION = YES;
				GCC_WARN_ABOUT_RETURN_TYPE = YES_ERROR;
				GCC_WARN_UNDECLARED_SELECTOR = YES;
				GCC_WARN_UNINITIALIZED_AUTOS = YES_AGGRESSIVE;
				GCC_WARN_UNUSED_FUNCTION = YES;
				GCC_WARN_UNUSED_VARIABLE = YES;
				IPHONEOS_DEPLOYMENT_TARGET = 17.0;
				MTL_ENABLE_DEBUG_INFO = INCLUDE_SOURCE;
				MTL_FAST_MATH = YES;
				ONLY_ACTIVE_ARCH = YES;
				PRODUCT_NAME = "$(TARGET_NAME)";
				SWIFT_ACTIVE_COMPILATION_CONDITIONS = DEBUG;
				SWIFT_OPTIMIZATION_LEVEL = "-Onone";
				SWIFT_VERSION = 5.9;
				WATCHOS_DEPLOYMENT_TARGET = 10.0;
			};
			name = Debug;
		};
		A12F2736D0EC4FD13350457D /* Release */ = {
			isa = XCBuildConfiguration;
			buildSettings = {
				INFOPLIST_FILE = IronLogWidgets/Info.plist;
				LD_RUNPATH_SEARCH_PATHS = (
					"$(inherited)",
					"@executable_path/Frameworks",
					"@executable_path/../../Frameworks",
				);
				PRODUCT_BUNDLE_IDENTIFIER = com.W88C7J82R5.ironlog.widgets;
				PRODUCT_NAME = IronLogWidgets;
				SDKROOT = iphoneos;
				SKIP_INSTALL = YES;
				SWIFT_EMIT_LOC_STRINGS = YES;
				TARGETED_DEVICE_FAMILY = "1,2";
			};
			name = Release;
		};
/* End XCBuildConfiguration section */

/* Begin XCConfigurationList section */
		0F11C9DC66904F3A4540FF1B /* Build configuration list for PBXNativeTarget "IronLogWidgets" */ = {
			isa = XCConfigurationList;
			buildConfigurations = (
				5B6068F1E46DCF04883EF33F /* Debug */,
				A12F2736D0EC4FD13350457D /* Release */,
			);
			defaultConfigurationIsVisible = 0;
			defaultConfigurationName = Debug;
		};
		BAE2D918BCE2500E05E37CF5 /* Build configuration list for PBXNativeTarget "IronLogTests" */ = {
			isa = XCConfigurationList;
			buildConfigurations = (
				348840D096C2C93EFB78DF5C /* Debug */,
				4A698A9B5B874372D75E9E76 /* Release */,
			);
			defaultConfigurationIsVisible = 0;
			defaultConfigurationName = Debug;
		};
		C496877D3318F4893C00417F /* Build configuration list for PBXNativeTarget "IronLogWatch" */ = {
			isa = XCConfigurationList;
			buildConfigurations = (
				2CF794AF56C5799B4607F6CE /* Debug */,
				6A1149D111A3AC871CA25763 /* Release */,
			);
			defaultConfigurationIsVisible = 0;
			defaultConfigurationName = Debug;
		};
		C72F111CCCFA6384B7653AE9 /* Build configuration list for PBXNativeTarget "IronLog" */ = {
			isa = XCConfigurationList;
			buildConfigurations = (
				3666C264FFBBDD59CEAABE30 /* Debug */,
				47DBC81C300F37B1B1B864F5 /* Release */,
			);
			defaultConfigurationIsVisible = 0;
			defaultConfigurationName = Debug;
		};
		E98970C7231D9BE3F54C332D /* Build configuration list for PBXProject "IronLog" */ = {
			isa = XCConfigurationList;
			buildConfigurations = (
				9B2750FE63816464E5ACA729 /* Debug */,
				4D2FE41C5E15B4243CD11FEE /* Release */,
			);
			defaultConfigurationIsVisible = 0;
			defaultConfigurationName = Debug;
		};
/* End XCConfigurationList section */
	};
	rootObject = 793DCC82B1A115B1EAD8E10A /* Project object */;
}
